
Microsoft Visual Studio Solution File, Format Version 12.00
# Visual Studio Version 17
VisualStudioVersion = 17.6.33723.286
MinimumVisualStudioVersion = 10.0.40219.1
Project("{FAE04EC0-301F-11D3-BF4B-00C04F79EFBC}") = "Lab_2", "Lab_2\Lab_2.csproj", "{FA54ADEF-D00F-4775-98C3-AC38BB016DB6}"
EndProject
Global
	GlobalSection(SolutionConfigurationPlatforms) = preSolution
		Debug|Any CPU = Debug|Any CPU
		Release|Any CPU = Release|Any CPU
	EndGlobalSection
	GlobalSection(ProjectConfigurationPlatforms) = postSolution
		{FA54ADEF-D00F-4775-98C3-AC38BB016DB6}.Debug|Any CPU.ActiveCfg = Debug|Any CPU
		{FA54ADEF-D00F-4775-98C3-AC38BB016DB6}.Debug|Any CPU.Build.0 = Debug|Any CPU
		{FA54ADEF-D00F-4775-98C3-AC38BB016DB6}.Release|Any CPU.ActiveCfg = Release|Any CPU
		{FA54ADEF-D00F-4775-98C3-AC38BB016DB6}.Release|Any CPU.Build.0 = Release|Any CPU
	EndGlobalSection
	GlobalSection(SolutionProperties) = preSolution
		HideSolutionNode = FALSE
	EndGlobalSection
	GlobalSection(ExtensibilityGlobals) = postSolution
		SolutionGuid = {B263535E-E7B1-4EDE-9CC5-721C6EB94DFC}
	EndGlobalSection
EndGlobal
